{
  "name": "@flair-agency/creator-monthly-activity-reconcile",
  "version": "2.0.0",
  "lockfileVersion": 3,
  "requires": true,
  "packages": {
    "": {
      "name": "@flair-agency/creator-monthly-activity-reconcile",
      "version": "2.0.0",
      "license": "MIT",
      "dependencies": {
        "@flair-agency/contracts": "1.0.0"
      }
    },
    "node_modules/@flair-agency/contracts": {
      "version": "1.0.0",
      "resolved": "https://npm.pkg.github.com/download/@flair-agency/contracts/1.0.0/ba38a5c8b58126f242948f745a017180147f3746",
      "integrity": "sha512-w4ooleq1yVtiQGQU0oBFllzsMIpbZ7VSiZMgmASOLj3WFsTe6k/zXwO74dkZ85aghUqof4IzzzFER9zVlHq9oQ==",
      "license": "MIT"
    }
  }
}
