{
  "name": "@flair-agency/creator-monthly-activity-reconcile",
  "version": "1.1.0",
  "lockfileVersion": 3,
  "requires": true,
  "packages": {
    "": {
      "name": "@flair-agency/creator-monthly-activity-reconcile",
      "version": "1.1.0",
      "license": "MIT",
      "dependencies": {
        "@flair-agency/backstage-provider": "1.3.0",
        "@flair-agency/cli-utils": "0.1.0",
        "@flair-agency/lark-base-provider": "1.1.0",
        "@flair-agency/private-files": "1.0.0",
        "@flair-agency/provider-protocol": "1.0.0"
      }
    },
    "node_modules/@clack/core": {
      "version": "1.4.3",
      "resolved": "https://registry.npmjs.org/@clack/core/-/core-1.4.3.tgz",
      "integrity": "sha512-/kr3UWNtdJfxZtPgDqUOmG2pvwlmcLGheex5yiZKdwbzZJxhV+HMNR9QNmyY5cGwTNV6LrR7Jtp+KjhUAP1qBQ==",
      "license": "MIT",
      "dependencies": {
        "fast-wrap-ansi": "^0.2.0",
        "sisteransi": "^1.0.5"
      },
      "engines": {
        "node": ">= 20.12.0"
      }
    },
    "node_modules/@clack/prompts": {
      "version": "1.7.0",
      "resolved": "https://registry.npmjs.org/@clack/prompts/-/prompts-1.7.0.tgz",
      "integrity": "sha512-y7/yvZ2TPAnR9+jnc00klvNNLkJiXFFrQA/hlLCcxA9a2A4zQIOimyFQ9XfwYKiGD1fb5GY8vbKIIgO8d5Tb2A==",
      "license": "MIT",
      "dependencies": {
        "@clack/core": "1.4.3",
        "fast-string-width": "^3.0.2",
        "fast-wrap-ansi": "^0.2.0",
        "sisteransi": "^1.0.5"
      },
      "engines": {
        "node": ">= 20.12.0"
      }
    },
    "node_modules/@flair-agency/backstage-provider": {
      "version": "1.3.0",
      "resolved": "https://npm.pkg.github.com/download/@flair-agency/backstage-provider/1.3.0/dd1752e8223c7db92733d1a11079fa8ea8dcce1f",
      "integrity": "sha512-48lh+h/rWFKWdPAQTvEgWt/L/mCLLXwhTkxGoJUXXEFTTiPAretUgSdoOP7ocWmnQQ9jhHnv3NSB6Ahe1rc6Vg==",
      "dependencies": {
        "read-excel-file": "9.3.5"
      },
      "peerDependencies": {
        "@flair-agency/provider-protocol": "1.0.0"
      }
    },
    "node_modules/@flair-agency/cli-utils": {
      "version": "0.1.0",
      "resolved": "https://npm.pkg.github.com/download/@flair-agency/cli-utils/0.1.0/efe2fca890343b34ca68a03c7ef97c1f1c9493da",
      "integrity": "sha512-fNT9xs6Wzyay+C9sVRMmc0Ub9vkBH4T+8GlJ+ZGn2jbMBnHZh8fcQElhlk+Gwe4EJiIbd9I3jJxT+O7lN2s/Xw==",
      "license": "MIT"
    },
    "node_modules/@flair-agency/lark-base-provider": {
      "version": "1.1.0",
      "resolved": "https://npm.pkg.github.com/download/@flair-agency/lark-base-provider/1.1.0/1487dd6457a711632e5de8457c975e1ef66cc4fc",
      "integrity": "sha512-YAbS2exKkrGcIKkwoOMrI0ATMrgRjFv0Ho/ktuM0zNmDfObDOD0xDZvj1IPMSgB0FRI4xB3ycssM2BTpbcM5lg==",
      "dependencies": {
        "@flair-agency/lark-transport": "1.0.0"
      }
    },
    "node_modules/@flair-agency/lark-transport": {
      "version": "1.0.0",
      "resolved": "https://npm.pkg.github.com/download/@flair-agency/lark-transport/1.0.0/69cf773f7626bc4d2dd07350c8472d4e1707e5a7",
      "integrity": "sha512-MaJtNSZKr+Fp4d+yIv4f8uyChDwIG6nVZP2MQVAmohF3vj8KSDFAEOOO/mIV9yod6MrWJYKW8nxdA1UvEXHjdg==",
      "dependencies": {
        "@larksuite/cli": "1.0.93"
      },
      "engines": {
        "node": ">=22"
      }
    },
    "node_modules/@flair-agency/private-files": {
      "version": "1.0.0",
      "resolved": "https://npm.pkg.github.com/download/@flair-agency/private-files/1.0.0/3a00d22c4987d7513ef80789abe9771e7d53aa18",
      "integrity": "sha512-lOwliYNFE7c2u6Sn0q2c+gQ9aaNo168cAekGM8MOGNSWkZ0mtpBay6CC0cMvd122CDZiRvylVpjyOzdq3/vIBA==",
      "license": "MIT",
      "engines": {
        "node": ">=22"
      }
    },
    "node_modules/@flair-agency/provider-protocol": {
      "version": "1.0.0",
      "resolved": "https://npm.pkg.github.com/download/@flair-agency/provider-protocol/1.0.0/cbaf098ea79272c11873b0a3a54bd69ea2515dae",
      "integrity": "sha512-aeHgdzyQhz2Orjd18rW3vcyxls6rvjFTuva5UMcvgeLSkVq72EUTrTxHUEbTcbJ4UmSCsuPMvlFfPxkgQSlLbg==",
      "license": "MIT",
      "engines": {
        "node": ">=22"
      }
    },
    "node_modules/@larksuite/cli": {
      "version": "1.0.93",
      "resolved": "https://registry.npmjs.org/@larksuite/cli/-/cli-1.0.93.tgz",
      "integrity": "sha512-QARcHz96pfEzzRZdjXene5h9fJ46lCu5q2TWx+blLyOIXEPuJwi6bT+RT9hPOsKFW+bbGYvamU8LpD6FsIa5ew==",
      "cpu": [
        "x64",
        "arm64",
        "riscv64"
      ],
      "hasInstallScript": true,
      "license": "MIT",
      "os": [
        "darwin",
        "linux",
        "win32"
      ],
      "dependencies": {
        "@clack/prompts": "^1.2.0"
      },
      "bin": {
        "lark-cli": "scripts/run.js"
      },
      "engines": {
        "node": ">=16"
      }
    },
    "node_modules/fast-string-truncated-width": {
      "version": "3.0.3",
      "resolved": "https://registry.npmjs.org/fast-string-truncated-width/-/fast-string-truncated-width-3.0.3.tgz",
      "integrity": "sha512-0jjjIEL6+0jag3l2XWWizO64/aZVtpiGE3t0Zgqxv0DPuxiMjvB3M24fCyhZUO4KomJQPj3LTSUnDP3GpdwC0g==",
      "license": "MIT"
    },
    "node_modules/fast-string-width": {
      "version": "3.0.2",
      "resolved": "https://registry.npmjs.org/fast-string-width/-/fast-string-width-3.0.2.tgz",
      "integrity": "sha512-gX8LrtNEI5hq8DVUfRQMbr5lpaS4nMIWV+7XEbXk2b8kiQIizgnlr12B4dA3ZEx3308ze0O4Q1R+cHts8kyUJg==",
      "license": "MIT",
      "dependencies": {
        "fast-string-truncated-width": "^3.0.2"
      }
    },
    "node_modules/fast-wrap-ansi": {
      "version": "0.2.2",
      "resolved": "https://registry.npmjs.org/fast-wrap-ansi/-/fast-wrap-ansi-0.2.2.tgz",
      "integrity": "sha512-7F2Fl+TjRSenLqlU3UjSH0iyqopqoZIu7eZVpEirP2g1GtWa2G/ecEmBdgz31+Mxr+ELclgg6sokpSFIQiZ02Q==",
      "license": "MIT",
      "dependencies": {
        "fast-string-width": "^3.0.2"
      }
    },
    "node_modules/fflate": {
      "version": "0.8.3",
      "resolved": "https://registry.npmjs.org/fflate/-/fflate-0.8.3.tgz",
      "integrity": "sha512-tbZNuJrLwGUp3zshBtdy4W+ORxZuIh8a5ilyIEQDC5rY1f3U20JMry0Ll3WBzU58EZKsEuJFXhb5gwv8CsPvgA==",
      "license": "MIT"
    },
    "node_modules/graceful-fs": {
      "version": "4.2.11",
      "resolved": "https://registry.npmjs.org/graceful-fs/-/graceful-fs-4.2.11.tgz",
      "integrity": "sha512-RbJ5/jmFcNNCcDV5o9eTnBLJ/HszWV0P73bc+Ff4nS/rJj+YaS6IGyiOL0VoBYX+l1Wrl3k63h/KrH+nhJ0XvQ==",
      "license": "ISC"
    },
    "node_modules/node-int64": {
      "version": "0.4.0",
      "resolved": "https://registry.npmjs.org/node-int64/-/node-int64-0.4.0.tgz",
      "integrity": "sha512-O5lz91xSOeoXP6DulyHfllpq+Eg00MWitZIbtPfoSEvqIHdl5gfcY6hYzDWnj0qD5tz52PI08u9qUvSVeUBeHw==",
      "license": "MIT"
    },
    "node_modules/read-excel-file": {
      "version": "9.3.5",
      "resolved": "https://registry.npmjs.org/read-excel-file/-/read-excel-file-9.3.5.tgz",
      "integrity": "sha512-A4EbaJxFrqzBNdU4Lw0g6wzme3m7ywW3MsPLLuBiGPUWJbxETyVDT5vyqsOnl/AW48OGM4MGoOgKFsEZNMMVVw==",
      "license": "MIT",
      "dependencies": {
        "fflate": "^0.8.3",
        "saxen": "^11.1.0",
        "unzipper-esm": "^0.13.3",
        "worker-f": "^0.1.12"
      },
      "engines": {
        "node": ">=18"
      }
    },
    "node_modules/saxen": {
      "version": "11.1.1",
      "resolved": "https://registry.npmjs.org/saxen/-/saxen-11.1.1.tgz",
      "integrity": "sha512-J4BkmJFaM7VgE7pgkFGsNEcqqM3h7+Mz80vfLWFhx7uNOCOXIu6LLjQHYWNejdst3pf/3JUaBIG9+pkk1umlow==",
      "license": "MIT",
      "engines": {
        "node": ">= 20.12"
      }
    },
    "node_modules/sisteransi": {
      "version": "1.0.5",
      "resolved": "https://registry.npmjs.org/sisteransi/-/sisteransi-1.0.5.tgz",
      "integrity": "sha512-bLGGlR1QxBcynn2d5YmDX4MGjlZvy2MRBDRNHLJ8VI6l6+9FUiyTFNJ0IveOSP0bcXgVDPRcfGqA0pjaqUpfVg==",
      "license": "MIT"
    },
    "node_modules/unzipper-esm": {
      "version": "0.13.3",
      "resolved": "https://registry.npmjs.org/unzipper-esm/-/unzipper-esm-0.13.3.tgz",
      "integrity": "sha512-LUO6VZ6fCzkDbdMev0/fOhoIeVGKaOkTIOoYxVLE0SQjfvmAHK+oywl7lfhloSZIsdGJ25mJ18Mtd9CyTASjrA==",
      "license": "MIT",
      "dependencies": {
        "graceful-fs": "^4.2.2",
        "node-int64": "^0.4.0"
      },
      "engines": {
        "node": ">=8.0.0"
      }
    },
    "node_modules/worker-f": {
      "version": "0.1.20",
      "resolved": "https://registry.npmjs.org/worker-f/-/worker-f-0.1.20.tgz",
      "integrity": "sha512-7z5K5z4x++FykhpDTfriT/dOu7CmSap9BBv38DVFU3CD38obopq+DoFH75yBV3butpGm+OeqR9BKdSvYJSnUfQ==",
      "license": "MIT",
      "engines": {
        "node": ">=12"
      }
    }
  }
}
